
Microsoft Visual Studio Solution File, Format Version 12.00
# Visual Studio Version 17
VisualStudioVersion = 17.10.35013.160
MinimumVisualStudioVersion = 10.0.40219.1
Project("{FAE04EC0-301F-11D3-BF4B-00C04F79EFBC}") = "Assignmet5", "Assignmet5\Assignmet5.csproj", "{102FAAA3-57D3-4854-9EC2-1FA7ABB68F85}"
EndProject
Global
	GlobalSection(SolutionConfigurationPlatforms) = preSolution
		Debug|Any CPU = Debug|Any CPU
		Release|Any CPU = Release|Any CPU
	EndGlobalSection
	GlobalSection(ProjectConfigurationPlatforms) = postSolution
		{102FAAA3-57D3-4854-9EC2-1FA7ABB68F85}.Debug|Any CPU.ActiveCfg = Debug|Any CPU
		{102FAAA3-57D3-4854-9EC2-1FA7ABB68F85}.Debug|Any CPU.Build.0 = Debug|Any CPU
		{102FAAA3-57D3-4854-9EC2-1FA7ABB68F85}.Release|Any CPU.ActiveCfg = Release|Any CPU
		{102FAAA3-57D3-4854-9EC2-1FA7ABB68F85}.Release|Any CPU.Build.0 = Release|Any CPU
	EndGlobalSection
	GlobalSection(SolutionProperties) = preSolution
		HideSolutionNode = FALSE
	EndGlobalSection
	GlobalSection(ExtensibilityGlobals) = postSolution
		SolutionGuid = {E20F3999-3DFB-4490-B153-0D81CB869B34}
	EndGlobalSection
EndGlobal
